github.com/LindsayBradford/go-dbf v1.0.0-aplha.4 h1:B/GGJW3GEBVhuLr0JLoWJnhglv2ZC5a17FjAtOlKrTc=
github.com/LindsayBradford/go-dbf v1.0.0-aplha.4/go.mod h1:56pG8xuSp6+mnQ5lnYtCUezjmMFTKyboVPk7puy3c00=
github.com/axgle/mahonia v0.0.0-20180208002826-3358181d7394 h1:OYA+5W64v3OgClL+IrOD63t4i/RW7RqrAVl9LTZ9UqQ=
github.com/axgle/mahonia v0.0.0-20180208002826-3358181d7394/go.mod h1:Q8n74mJTIgjX4RBBcHnJ05h//6/k6foqmgE45jTQtxg=
github.com/google/uuid v1.6.0 h1:NIvaJDMOsjHA8n1jAhLSgzrAzy1Hgr+hNrb57e+94F0=
github.com/google/uuid v1.6.0/go.mod h1:TIyPZe4MgqvfeYDBFedMoGGpEw/LqOeaOT+nhxU+yHo=
github.com/gorilla/websocket v1.5.3 h1:saDtZ6Pbx/0u+bgYQ3q96pZgCzfhKXGPqt7kZ72aNNg=
github.com/gorilla/websocket v1.5.3/go.mod h1:YR8l580nyteQvAITg2hZ9XVh4b55+EU/adAjf1fMHhE=
github.com/mr-destructive/meta-ai-golang v0.0.0-20240829172319-e26cef604cc2 h1:Th4RNyeNoAc7GYYOFFDsDM1WZKdAB+VO0nX0IEC1kd8=
github.com/mr-destructive/meta-ai-golang v0.0.0-20240829172319-e26cef604cc2/go.mod h1:ZIuw3WWKnyUEc6xzESic9Pe/2gGt0NWrO8qAxMX8U2E=
golang.org/x/text v0.32.0 h1:ZD01bjUt1FQ9WJ0ClOL5vxgxOI/sVCNgX1YtKwcY0mU=
golang.org/x/text v0.32.0/go.mod h1:o/rUWzghvpD5TXrTIBuJU77MTaN0ljMWE47kxGJQ7jY=
